// !$*UTF8*$!
{
	archiveVersion = 1;
	classes = {
	};
	objectVersion = 77;
	objects = {

/* Begin PBXBuildFile section */
		2D18B4CC2FB31606006F2C29 /* Budgety For watchOS Watch App.app in Embed Watch Content */ = {isa = PBXBuildFile; fileRef = 2D18B4C22FB31605006F2C29 /* Budgety For watchOS Watch App.app */; settings = {ATTRIBUTES = (RemoveHeadersOnCopy, ); }; };
		2D8484602FADB766001AB1B6 /* CustomPicker in Frameworks */ = {isa = PBXBuildFile; productRef = 2D84845F2FADB766001AB1B6 /* CustomPicker */; };
		A0010000A0010000A0010000 /* MemojiView in Frameworks */ = {isa = PBXBuildFile; productRef = A0030000A0030000A0030000 /* MemojiView */; };
/* End PBXBuildFile section */

/* Begin PBXContainerItemProxy section */
		2D18B4CA2FB31606006F2C29 /* PBXContainerItemProxy */ = {
			isa = PBXContainerItemProxy;
			containerPortal = 2DDCE1162FA8974700A42F60 /* Project object */;
			proxyType = 1;
			remoteGlobalIDString = 2D18B4C12FB31605006F2C29;
			remoteInfo = "Budgety For watchOS Watch App";
		};
/* End PBXContainerItemProxy section */

/* Begin PBXCopyFilesBuildPhase section */
		2D18B4D02FB31606006F2C29 /* Embed Watch Content */ = {
			isa = PBXCopyFilesBuildPhase;
			buildActionMask = 2147483647;
			dstPath = "$(CONTENTS_FOLDER_PATH)/Watch";
			dstSubfolderSpec = 16;
			files = (
				2D18B4CC2FB31606006F2C29 /* Budgety For watchOS Watch App.app in Embed Watch Content */,
			);
			name = "Embed Watch Content";
			runOnlyForDeploymentPostprocessing = 0;
		};
/* End PBXCopyFilesBuildPhase section */

/* Begin PBXFileReference section */
		2D18B4C22FB31605006F2C29 /* Budgety For watchOS Watch App.app */ = {isa = PBXFileReference; explicitFileType = wrapper.application; includeInIndex = 0; path = "Budgety For watchOS Watch App.app"; sourceTree = BUILT_PRODUCTS_DIR; };
		2DDCE11E2FA8974700A42F60 /* Budgety.app */ = {isa = PBXFileReference; explicitFileType = wrapper.application; includeInIndex = 0; path = Budgety.app; sourceTree = BUILT_PRODUCTS_DIR; };
/* End PBXFileReference section */

/* Begin PBXFileSystemSynchronizedBuildFileExceptionSet section */
		2D18B4D92FB31696006F2C29 /* Exceptions for "Budgety" folder in "Budgety For watchOS Watch App" target */ = {
			isa = PBXFileSystemSynchronizedBuildFileExceptionSet;
			membershipExceptions = (
				Expenso.xcdatamodeld,
				FXRatesService.swift,
				Models/CategorySeeds.swift,
				"Models/Expense+Extensions.swift",
				"Models/ExpenseCategory+Extensions.swift",
				"Models/ExpenseSheet+Extensions.swift",
				"Models/Member+Extensions.swift",
				"Models/ParticipantProfile+Extensions.swift",
				"Models/RecurringRule+Extensions.swift",
				Models/TransactionKind.swift,
				PersistenceController.swift,
				"Support/Color+Hex.swift",
				Support/Currency.swift,
				Support/Notifications.swift,
				UserProfileStore.swift,
			);
			target = 2D18B4C12FB31605006F2C29 /* Budgety For watchOS Watch App */;
		};
		2DDCE1702FA89B5900A42F60 /* Exceptions for "Budgety" folder in "Budgety" target */ = {
			isa = PBXFileSystemSynchronizedBuildFileExceptionSet;
			membershipExceptions = (
				Info.plist,
			);
			target = 2DDCE11D2FA8974700A42F60 /* Budgety */;
		};
/* End PBXFileSystemSynchronizedBuildFileExceptionSet section */

/* Begin PBXFileSystemSynchronizedRootGroup section */
		2D18B4C32FB31605006F2C29 /* Budgety For watchOS Watch App */ = {
			isa = PBXFileSystemSynchronizedRootGroup;
			path = "Budgety For watchOS Watch App";
			sourceTree = "<group>";
		};
		2DDCE1202FA8974700A42F60 /* Budgety */ = {
			isa = PBXFileSystemSynchronizedRootGroup;
			exceptions = (
				2DDCE1702FA89B5900A42F60 /* Exceptions for "Budgety" folder in "Budgety" target */,
				2D18B4D92FB31696006F2C29 /* Exceptions for "Budgety" folder in "Budgety For watchOS Watch App" target */,
			);
			path = Budgety;
			sourceTree = "<group>";
		};
/* End PBXFileSystemSynchronizedRootGroup section */

/* Begin PBXFrameworksBuildPhase section */
		2D18B4BF2FB31605006F2C29 /* Frameworks */ = {
			isa = PBXFrameworksBuildPhase;
			buildActionMask = 2147483647;
			files = (
			);
			runOnlyForDeploymentPostprocessing = 0;
		};
		2DDCE11B2FA8974700A42F60 /* Frameworks */ = {
			isa = PBXFrameworksBuildPhase;
			buildActionMask = 2147483647;
			files = (
				A0010000A0010000A0010000 /* MemojiView in Frameworks */,
				2D8484602FADB766001AB1B6 /* CustomPicker in Frameworks */,
			);
			runOnlyForDeploymentPostprocessing = 0;
		};
/* End PBXFrameworksBuildPhase section */

/* Begin PBXGroup section */
		2DDCE1152FA8974700A42F60 = {
			isa = PBXGroup;
			children = (
				2DDCE1202FA8974700A42F60 /* Budgety */,
				2D18B4C32FB31605006F2C29 /* Budgety For watchOS Watch App */,
				2DDCE11F2FA8974700A42F60 /* Products */,
			);
			sourceTree = "<group>";
		};
		2DDCE11F2FA8974700A42F60 /* Products */ = {
			isa = PBXGroup;
			children = (
				2DDCE11E2FA8974700A42F60 /* Budgety.app */,
				2D18B4C22FB31605006F2C29 /* Budgety For watchOS Watch App.app */,
			);
			name = Products;
			sourceTree = "<group>";
		};
/* End PBXGroup section */

/* Begin PBXNativeTarget section */
		2D18B4C12FB31605006F2C29 /* Budgety For watchOS Watch App */ = {
			isa = PBXNativeTarget;
			buildConfigurationList = 2D18B4CD2FB31606006F2C29 /* Build configuration list for PBXNativeTarget "Budgety For watchOS Watch App" */;
			buildPhases = (
				2D18B4BE2FB31605006F2C29 /* Sources */,
				2D18B4BF2FB31605006F2C29 /* Frameworks */,
				2D18B4C02FB31605006F2C29 /* Resources */,
			);
			buildRules = (
			);
			dependencies = (
			);
			fileSystemSynchronizedGroups = (
				2D18B4C32FB31605006F2C29 /* Budgety For watchOS Watch App */,
			);
			name = "Budgety For watchOS Watch App";
			packageProductDependencies = (
			);
			productName = "Budgety For watchOS Watch App";
			productReference = 2D18B4C22FB31605006F2C29 /* Budgety For watchOS Watch App.app */;
			productType = "com.apple.product-type.application";
		};
		2DDCE11D2FA8974700A42F60 /* Budgety */ = {
			isa = PBXNativeTarget;
			buildConfigurationList = 2DDCE1292FA8974800A42F60 /* Build configuration list for PBXNativeTarget "Budgety" */;
			buildPhases = (
				2DDCE11A2FA8974700A42F60 /* Sources */,
				2DDCE11B2FA8974700A42F60 /* Frameworks */,
				2DDCE11C2FA8974700A42F60 /* Resources */,
				2D18B4D02FB31606006F2C29 /* Embed Watch Content */,
			);
			buildRules = (
			);
			dependencies = (
				2D18B4CB2FB31606006F2C29 /* PBXTargetDependency */,
			);
			fileSystemSynchronizedGroups = (
				2DDCE1202FA8974700A42F60 /* Budgety */,
			);
			name = Budgety;
			packageProductDependencies = (
				A0030000A0030000A0030000 /* MemojiView */,
				2D84845F2FADB766001AB1B6 /* CustomPicker */,
			);
			productName = Expenso;
			productReference = 2DDCE11E2FA8974700A42F60 /* Budgety.app */;
			productType = "com.apple.product-type.application";
		};
/* End PBXNativeTarget section */

/* Begin PBXProject section */
		2DDCE1162FA8974700A42F60 /* Project object */ = {
			isa = PBXProject;
			attributes = {
				BuildIndependentTargetsInParallel = 1;
				LastSwiftUpdateCheck = 2630;
				LastUpgradeCheck = 2620;
				TargetAttributes = {
					2D18B4C12FB31605006F2C29 = {
						CreatedOnToolsVersion = 26.3;
					};
					2DDCE11D2FA8974700A42F60 = {
						CreatedOnToolsVersion = 26.2;
					};
				};
			};
			buildConfigurationList = 2DDCE1192FA8974700A42F60 /* Build configuration list for PBXProject "Budgety" */;
			developmentRegion = ja;
			hasScannedForEncodings = 0;
			knownRegions = (
				Base,
				ja,
			);
			mainGroup = 2DDCE1152FA8974700A42F60;
			minimizedProjectReferenceProxies = 1;
			packageReferences = (
				A0020000A0020000A0020000 /* XCRemoteSwiftPackageReference "MemojiView" */,
				2D84845E2FADB766001AB1B6 /* XCRemoteSwiftPackageReference "CustomPicker" */,
			);
			preferredProjectObjectVersion = 77;
			productRefGroup = 2DDCE11F2FA8974700A42F60 /* Products */;
			projectDirPath = "";
			projectRoot = "";
			targets = (
				2DDCE11D2FA8974700A42F60 /* Budgety */,
				2D18B4C12FB31605006F2C29 /* Budgety For watchOS Watch App */,
			);
		};
/* End PBXProject section */

/* Begin PBXResourcesBuildPhase section */
		2D18B4C02FB31605006F2C29 /* Resources */ = {
			isa = PBXResourcesBuildPhase;
			buildActionMask = 2147483647;
			files = (
			);
			runOnlyForDeploymentPostprocessing = 0;
		};
		2DDCE11C2FA8974700A42F60 /* Resources */ = {
			isa = PBXResourcesBuildPhase;
			buildActionMask = 2147483647;
			files = (
			);
			runOnlyForDeploymentPostprocessing = 0;
		};
/* End PBXResourcesBuildPhase section */

/* Begin PBXSourcesBuildPhase section */
		2D18B4BE2FB31605006F2C29 /* Sources */ = {
			isa = PBXSourcesBuildPhase;
			buildActionMask = 2147483647;
			files = (
			);
			runOnlyForDeploymentPostprocessing = 0;
		};
		2DDCE11A2FA8974700A42F60 /* Sources */ = {
			isa = PBXSourcesBuildPhase;
			buildActionMask = 2147483647;
			files = (
			);
			runOnlyForDeploymentPostprocessing = 0;
		};
/* End PBXSourcesBuildPhase section */

/* Begin PBXTargetDependency section */
		2D18B4CB2FB31606006F2C29 /* PBXTargetDependency */ = {
			isa = PBXTargetDependency;
			target = 2D18B4C12FB31605006F2C29 /* Budgety For watchOS Watch App */;
			targetProxy = 2D18B4CA2FB31606006F2C29 /* PBXContainerItemProxy */;
		};
/* End PBXTargetDependency section */

/* Begin XCBuildConfiguration section */
		2D18B4CE2FB31606006F2C29 /* Debug */ = {
			isa = XCBuildConfiguration;
			buildSettings = {
				ASSETCATALOG_COMPILER_APPICON_NAME = AppIcon;
				ASSETCATALOG_COMPILER_GLOBAL_ACCENT_COLOR_NAME = AccentColor;
				CODE_SIGN_ENTITLEMENTS = "Budgety For watchOS Watch App/Budgety For watchOS Watch App.entitlements";
				CODE_SIGN_STYLE = Automatic;
				CURRENT_PROJECT_VERSION = $NEW_BUILD;
				DEVELOPMENT_TEAM = LV3H7Q68W6;
				ENABLE_PREVIEWS = YES;
				GENERATE_INFOPLIST_FILE = YES;
				INFOPLIST_FILE = "Budgety-For-watchOS-Watch-App-Info.plist";
				INFOPLIST_KEY_CFBundleDisplayName = "Budgety For watchOS";
				INFOPLIST_KEY_CFBundleIconName = AppIcon;
				INFOPLIST_KEY_UISupportedInterfaceOrientations = "UIInterfaceOrientationPortrait UIInterfaceOrientationPortraitUpsideDown";
				INFOPLIST_KEY_WKCompanionAppBundleIdentifier = com.tento.budgety;
				LD_RUNPATH_SEARCH_PATHS = (
					"$(inherited)",
					"@executable_path/Frameworks",
				);
				MARKETING_VERSION = 1.0;
				PRODUCT_BUNDLE_IDENTIFIER = com.tento.budgety.watchkitapp;
				PRODUCT_NAME = "$(TARGET_NAME)";
				SDKROOT = watchos;
				SKIP_INSTALL = YES;
				STRING_CATALOG_GENERATE_SYMBOLS = YES;
				SWIFT_APPROACHABLE_CONCURRENCY = YES;
				SWIFT_DEFAULT_ACTOR_ISOLATION = MainActor;
				SWIFT_EMIT_LOC_STRINGS = YES;
				SWIFT_UPCOMING_FEATURE_MEMBER_IMPORT_VISIBILITY = YES;
				SWIFT_VERSION = 5.0;
				TARGETED_DEVICE_FAMILY = 4;
				WATCHOS_DEPLOYMENT_TARGET = 26.2;
			};
			name = Debug;
		};
		2D18B4CF2FB31606006F2C29 /* Release */ = {
			isa = XCBuildConfiguration;
			buildSettings = {
				ASSETCATALOG_COMPILER_APPICON_NAME = AppIcon;
				ASSETCATALOG_COMPILER_GLOBAL_ACCENT_COLOR_NAME = AccentColor;
				CODE_SIGN_ENTITLEMENTS = "Budgety For watchOS Watch App/Budgety For watchOS Watch App.entitlements";
				CODE_SIGN_STYLE = Automatic;
				CURRENT_PROJECT_VERSION = $NEW_BUILD;
				DEVELOPMENT_TEAM = LV3H7Q68W6;
				ENABLE_PREVIEWS = YES;
				GENERATE_INFOPLIST_FILE = YES;
				INFOPLIST_FILE = "Budgety-For-watchOS-Watch-App-Info.plist";
				INFOPLIST_KEY_CFBundleDisplayName = "Budgety For watchOS";
				INFOPLIST_KEY_CFBundleIconName = AppIcon;
				INFOPLIST_KEY_UISupportedInterfaceOrientations = "UIInterfaceOrientationPortrait UIInterfaceOrientationPortraitUpsideDown";
				INFOPLIST_KEY_WKCompanionAppBundleIdentifier = com.tento.budgety;
				LD_RUNPATH_SEARCH_PATHS = (
					"$(inherited)",
					"@executable_path/Frameworks",
				);
				MARKETING_VERSION = 1.0;
				PRODUCT_BUNDLE_IDENTIFIER = com.tento.budgety.watchkitapp;
				PRODUCT_NAME = "$(TARGET_NAME)";
				SDKROOT = watchos;
				SKIP_INSTALL = YES;
				STRING_CATALOG_GENERATE_SYMBOLS = YES;
				SWIFT_APPROACHABLE_CONCURRENCY = YES;
				SWIFT_DEFAULT_ACTOR_ISOLATION = MainActor;
				SWIFT_EMIT_LOC_STRINGS = YES;
				SWIFT_UPCOMING_FEATURE_MEMBER_IMPORT_VISIBILITY = YES;
				SWIFT_VERSION = 5.0;
				TARGETED_DEVICE_FAMILY = 4;
				WATCHOS_DEPLOYMENT_TARGET = 26.2;
			};
			name = Release;
		};
		2DDCE1272FA8974800A42F60 /* Debug */ = {
			isa = XCBuildConfiguration;
			buildSettings = {
				ALWAYS_SEARCH_USER_PATHS = NO;
				ASSETCATALOG_COMPILER_GENERATE_SWIFT_ASSET_SYMBOL_EXTENSIONS = YES;
				CLANG_ANALYZER_NONNULL = YES;
				CLANG_ANALYZER_NUMBER_OBJECT_CONVERSION = YES_AGGRESSIVE;
				CLANG_CXX_LANGUAGE_STANDARD = "gnu++20";
				CLANG_ENABLE_MODULES = YES;
				CLANG_ENABLE_OBJC_ARC = YES;
				CLANG_ENABLE_OBJC_WEAK = YES;
				CLANG_WARN_BLOCK_CAPTURE_AUTORELEASING = YES;
				CLANG_WARN_BOOL_CONVERSION = YES;
				CLANG_WARN_COMMA = YES;
				CLANG_WARN_CONSTANT_CONVERSION = YES;
				CLANG_WARN_DEPRECATED_OBJC_IMPLEMENTATIONS = YES;
				CLANG_WARN_DIRECT_OBJC_ISA_USAGE = YES_ERROR;
				CLANG_WARN_DOCUMENTATION_COMMENTS = YES;
				CLANG_WARN_EMPTY_BODY = YES;
				CLANG_WARN_ENUM_CONVERSION = YES;
				CLANG_WARN_INFINITE_RECURSION = YES;
				CLANG_WARN_INT_CONVERSION = YES;
				CLANG_WARN_NON_LITERAL_NULL_CONVERSION = YES;
				CLANG_WARN_OBJC_IMPLICIT_RETAIN_SELF = YES;
				CLANG_WARN_OBJC_LITERAL_CONVERSION = YES;
				CLANG_WARN_OBJC_ROOT_CLASS = YES_ERROR;
				CLANG_WARN_QUOTED_INCLUDE_IN_FRAMEWORK_HEADER = YES;
				CLANG_WARN_RANGE_LOOP_ANALYSIS = YES;
				CLANG_WARN_STRICT_PROTOTYPES = YES;
				CLANG_WARN_SUSPICIOUS_MOVE = YES;
				CLANG_WARN_UNGUARDED_AVAILABILITY = YES_AGGRESSIVE;
				CLANG_WARN_UNREACHABLE_CODE = YES;
				CLANG_WARN__DUPLICATE_METHOD_MATCH = YES;
				COPY_PHASE_STRIP = NO;
				DEBUG_INFORMATION_FORMAT = dwarf;
				DEVELOPMENT_TEAM = LV3H7Q68W6;
				ENABLE_STRICT_OBJC_MSGSEND = YES;
				ENABLE_TESTABILITY = YES;
				ENABLE_USER_SCRIPT_SANDBOXING = YES;
				GCC_C_LANGUAGE_STANDARD = gnu17;
				GCC_DYNAMIC_NO_PIC = NO;
				GCC_NO_COMMON_BLOCKS = YES;
				GCC_OPTIMIZATION_LEVEL = 0;
				GCC_PREPROCESSOR_DEFINITIONS = (
					"DEBUG=1",
					"$(inherited)",
				);
				GCC_WARN_64_TO_32_BIT_CONVERSION = YES;
				GCC_WARN_ABOUT_RETURN_TYPE = YES_ERROR;
				GCC_WARN_UNDECLARED_SELECTOR = YES;
				GCC_WARN_UNINITIALIZED_AUTOS = YES_AGGRESSIVE;
				GCC_WARN_UNUSED_FUNCTION = YES;
				GCC_WARN_UNUSED_VARIABLE = YES;
				IPHONEOS_DEPLOYMENT_TARGET = 26.2;
				LOCALIZATION_PREFERS_STRING_CATALOGS = YES;
				MTL_ENABLE_DEBUG_INFO = INCLUDE_SOURCE;
				MTL_FAST_MATH = YES;
				ONLY_ACTIVE_ARCH = YES;
				SDKROOT = iphoneos;
				SWIFT_ACTIVE_COMPILATION_CONDITIONS = "DEBUG $(inherited)";
				SWIFT_OPTIMIZATION_LEVEL = "-Onone";
			};
			name = Debug;
		};
		2DDCE1282FA8974800A42F60 /* Release */ = {
			isa = XCBuildConfiguration;
			buildSettings = {
				ALWAYS_SEARCH_USER_PATHS = NO;
				ASSETCATALOG_COMPILER_GENERATE_SWIFT_ASSET_SYMBOL_EXTENSIONS = YES;
				CLANG_ANALYZER_NONNULL = YES;
				CLANG_ANALYZER_NUMBER_OBJECT_CONVERSION = YES_AGGRESSIVE;
				CLANG_CXX_LANGUAGE_STANDARD = "gnu++20";
				CLANG_ENABLE_MODULES = YES;
				CLANG_ENABLE_OBJC_ARC = YES;
				CLANG_ENABLE_OBJC_WEAK = YES;
				CLANG_WARN_BLOCK_CAPTURE_AUTORELEASING = YES;
				CLANG_WARN_BOOL_CONVERSION = YES;
				CLANG_WARN_COMMA = YES;
				CLANG_WARN_CONSTANT_CONVERSION = YES;
				CLANG_WARN_DEPRECATED_OBJC_IMPLEMENTATIONS = YES;
				CLANG_WARN_DIRECT_OBJC_ISA_USAGE = YES_ERROR;
				CLANG_WARN_DOCUMENTATION_COMMENTS = YES;
				CLANG_WARN_EMPTY_BODY = YES;
				CLANG_WARN_ENUM_CONVERSION = YES;
				CLANG_WARN_INFINITE_RECURSION = YES;
				CLANG_WARN_INT_CONVERSION = YES;
				CLANG_WARN_NON_LITERAL_NULL_CONVERSION = YES;
				CLANG_WARN_OBJC_IMPLICIT_RETAIN_SELF = YES;
				CLANG_WARN_OBJC_LITERAL_CONVERSION = YES;
				CLANG_WARN_OBJC_ROOT_CLASS = YES_ERROR;
				CLANG_WARN_QUOTED_INCLUDE_IN_FRAMEWORK_HEADER = YES;
				CLANG_WARN_RANGE_LOOP_ANALYSIS = YES;
				CLANG_WARN_STRICT_PROTOTYPES = YES;
				CLANG_WARN_SUSPICIOUS_MOVE = YES;
				CLANG_WARN_UNGUARDED_AVAILABILITY = YES_AGGRESSIVE;
				CLANG_WARN_UNREACHABLE_CODE = YES;
				CLANG_WARN__DUPLICATE_METHOD_MATCH = YES;
				COPY_PHASE_STRIP = NO;
				DEBUG_INFORMATION_FORMAT = "dwarf-with-dsym";
				DEVELOPMENT_TEAM = LV3H7Q68W6;
				ENABLE_NS_ASSERTIONS = NO;
				ENABLE_STRICT_OBJC_MSGSEND = YES;
				ENABLE_USER_SCRIPT_SANDBOXING = YES;
				GCC_C_LANGUAGE_STANDARD = gnu17;
				GCC_NO_COMMON_BLOCKS = YES;
				GCC_WARN_64_TO_32_BIT_CONVERSION = YES;
				GCC_WARN_ABOUT_RETURN_TYPE = YES_ERROR;
				GCC_WARN_UNDECLARED_SELECTOR = YES;
				GCC_WARN_UNINITIALIZED_AUTOS = YES_AGGRESSIVE;
				GCC_WARN_UNUSED_FUNCTION = YES;
				GCC_WARN_UNUSED_VARIABLE = YES;
				IPHONEOS_DEPLOYMENT_TARGET = 26.2;
				LOCALIZATION_PREFERS_STRING_CATALOGS = YES;
				MTL_ENABLE_DEBUG_INFO = NO;
				MTL_FAST_MATH = YES;
				SDKROOT = iphoneos;
				SWIFT_COMPILATION_MODE = wholemodule;
				VALIDATE_PRODUCT = YES;
			};
			name = Release;
		};
		2DDCE12A2FA8974800A42F60 /* Debug */ = {
			isa = XCBuildConfiguration;
			buildSettings = {
				ASSETCATALOG_COMPILER_APPICON_NAME = AppIcon;
				ASSETCATALOG_COMPILER_GLOBAL_ACCENT_COLOR_NAME = AccentColor;
				ASSETCATALOG_COMPILER_INCLUDE_ALL_APPICON_ASSETS = YES;
				CODE_SIGN_ENTITLEMENTS = Budgety/Expenso.entitlements;
				CODE_SIGN_STYLE = Automatic;
				CURRENT_PROJECT_VERSION = 2026051404;
				DEVELOPMENT_TEAM = LV3H7Q68W6;
				ENABLE_PREVIEWS = YES;
				GENERATE_INFOPLIST_FILE = YES;
				INFOPLIST_FILE = Budgety/Info.plist;
				INFOPLIST_KEY_CFBundleDisplayName = Budgety;
				INFOPLIST_KEY_NSCameraUsageDescription = "レシートをスキャンして支出を自動入力するためにカメラを使います。";
				INFOPLIST_KEY_NSPhotoLibraryUsageDescription = "レシートの写真を選択して支出を自動入力するためにフォトライブラリを使います。";
				INFOPLIST_KEY_UIApplicationSceneManifest_Generation = YES;
				INFOPLIST_KEY_UIApplicationSupportsIndirectInputEvents = YES;
				INFOPLIST_KEY_UIBackgroundModes = "remote-notification";
				INFOPLIST_KEY_UILaunchScreen_Generation = YES;
				INFOPLIST_KEY_UISupportedInterfaceOrientations_iPad = "UIInterfaceOrientationPortrait UIInterfaceOrientationPortraitUpsideDown UIInterfaceOrientationLandscapeLeft UIInterfaceOrientationLandscapeRight";
				INFOPLIST_KEY_UISupportedInterfaceOrientations_iPhone = "UIInterfaceOrientationPortrait UIInterfaceOrientationLandscapeLeft UIInterfaceOrientationLandscapeRight";
				IPHONEOS_DEPLOYMENT_TARGET = 26.0;
				LD_RUNPATH_SEARCH_PATHS = (
					"$(inherited)",
					"@executable_path/Frameworks",
				);
				MARKETING_VERSION = 1.0;
				PRODUCT_BUNDLE_IDENTIFIER = com.tento.budgety;
				PRODUCT_NAME = "$(TARGET_NAME)";
				STRING_CATALOG_GENERATE_SYMBOLS = YES;
				SUPPORTED_PLATFORMS = "iphoneos iphonesimulator";
				SUPPORTS_MACCATALYST = NO;
				SUPPORTS_MAC_DESIGNED_FOR_IPHONE_IPAD = YES;
				SUPPORTS_XR_DESIGNED_FOR_IPHONE_IPAD = NO;
				SWIFT_APPROACHABLE_CONCURRENCY = YES;
				SWIFT_DEFAULT_ACTOR_ISOLATION = MainActor;
				SWIFT_EMIT_LOC_STRINGS = YES;
				SWIFT_UPCOMING_FEATURE_MEMBER_IMPORT_VISIBILITY = YES;
				SWIFT_VERSION = 5.0;
				TARGETED_DEVICE_FAMILY = "1,2";
			};
			name = Debug;
		};
		2DDCE12B2FA8974800A42F60 /* Release */ = {
			isa = XCBuildConfiguration;
			buildSettings = {
				ASSETCATALOG_COMPILER_APPICON_NAME = AppIcon;
				ASSETCATALOG_COMPILER_GLOBAL_ACCENT_COLOR_NAME = AccentColor;
				ASSETCATALOG_COMPILER_INCLUDE_ALL_APPICON_ASSETS = YES;
				CODE_SIGN_ENTITLEMENTS = Budgety/Expenso.entitlements;
				CODE_SIGN_STYLE = Automatic;
				CURRENT_PROJECT_VERSION = 2026051404;
				DEVELOPMENT_TEAM = LV3H7Q68W6;
				ENABLE_PREVIEWS = YES;
				GENERATE_INFOPLIST_FILE = YES;
				INFOPLIST_FILE = Budgety/Info.plist;
				INFOPLIST_KEY_CFBundleDisplayName = Budgety;
				INFOPLIST_KEY_NSCameraUsageDescription = "レシートをスキャンして支出を自動入力するためにカメラを使います。";
				INFOPLIST_KEY_NSPhotoLibraryUsageDescription = "レシートの写真を選択して支出を自動入力するためにフォトライブラリを使います。";
				INFOPLIST_KEY_UIApplicationSceneManifest_Generation = YES;
				INFOPLIST_KEY_UIApplicationSupportsIndirectInputEvents = YES;
				INFOPLIST_KEY_UIBackgroundModes = "remote-notification";
				INFOPLIST_KEY_UILaunchScreen_Generation = YES;
				INFOPLIST_KEY_UISupportedInterfaceOrientations_iPad = "UIInterfaceOrientationPortrait UIInterfaceOrientationPortraitUpsideDown UIInterfaceOrientationLandscapeLeft UIInterfaceOrientationLandscapeRight";
				INFOPLIST_KEY_UISupportedInterfaceOrientations_iPhone = "UIInterfaceOrientationPortrait UIInterfaceOrientationLandscapeLeft UIInterfaceOrientationLandscapeRight";
				IPHONEOS_DEPLOYMENT_TARGET = 26.0;
				LD_RUNPATH_SEARCH_PATHS = (
					"$(inherited)",
					"@executable_path/Frameworks",
				);
				MARKETING_VERSION = 1.0;
				PRODUCT_BUNDLE_IDENTIFIER = com.tento.budgety;
				PRODUCT_NAME = "$(TARGET_NAME)";
				STRING_CATALOG_GENERATE_SYMBOLS = YES;
				SUPPORTED_PLATFORMS = "iphoneos iphonesimulator";
				SUPPORTS_MACCATALYST = NO;
				SUPPORTS_MAC_DESIGNED_FOR_IPHONE_IPAD = YES;
				SUPPORTS_XR_DESIGNED_FOR_IPHONE_IPAD = NO;
				SWIFT_APPROACHABLE_CONCURRENCY = YES;
				SWIFT_DEFAULT_ACTOR_ISOLATION = MainActor;
				SWIFT_EMIT_LOC_STRINGS = YES;
				SWIFT_UPCOMING_FEATURE_MEMBER_IMPORT_VISIBILITY = YES;
				SWIFT_VERSION = 5.0;
				TARGETED_DEVICE_FAMILY = "1,2";
			};
			name = Release;
		};
/* End XCBuildConfiguration section */

/* Begin XCConfigurationList section */
		2D18B4CD2FB31606006F2C29 /* Build configuration list for PBXNativeTarget "Budgety For watchOS Watch App" */ = {
			isa = XCConfigurationList;
			buildConfigurations = (
				2D18B4CE2FB31606006F2C29 /* Debug */,
				2D18B4CF2FB31606006F2C29 /* Release */,
			);
			defaultConfigurationIsVisible = 0;
			defaultConfigurationName = Release;
		};
		2DDCE1192FA8974700A42F60 /* Build configuration list for PBXProject "Budgety" */ = {
			isa = XCConfigurationList;
			buildConfigurations = (
				2DDCE1272FA8974800A42F60 /* Debug */,
				2DDCE1282FA8974800A42F60 /* Release */,
			);
			defaultConfigurationIsVisible = 0;
			defaultConfigurationName = Release;
		};
		2DDCE1292FA8974800A42F60 /* Build configuration list for PBXNativeTarget "Budgety" */ = {
			isa = XCConfigurationList;
			buildConfigurations = (
				2DDCE12A2FA8974800A42F60 /* Debug */,
				2DDCE12B2FA8974800A42F60 /* Release */,
			);
			defaultConfigurationIsVisible = 0;
			defaultConfigurationName = Release;
		};
/* End XCConfigurationList section */

/* Begin XCRemoteSwiftPackageReference section */
		2D84845E2FADB766001AB1B6 /* XCRemoteSwiftPackageReference "CustomPicker" */ = {
			isa = XCRemoteSwiftPackageReference;
			repositoryURL = "https://github.com/TentoSwift/CustomPicker.git";
			requirement = {
				kind = upToNextMajorVersion;
				minimumVersion = 1.0.0;
			};
		};
		A0020000A0020000A0020000 /* XCRemoteSwiftPackageReference "MemojiView" */ = {
			isa = XCRemoteSwiftPackageReference;
			repositoryURL = "https://github.com/emrearmagan/MemojiView";
			requirement = {
				kind = upToNextMajorVersion;
				minimumVersion = 0.0.4;
			};
		};
/* End XCRemoteSwiftPackageReference section */

/* Begin XCSwiftPackageProductDependency section */
		2D84845F2FADB766001AB1B6 /* CustomPicker */ = {
			isa = XCSwiftPackageProductDependency;
			package = 2D84845E2FADB766001AB1B6 /* XCRemoteSwiftPackageReference "CustomPicker" */;
			productName = CustomPicker;
		};
		A0030000A0030000A0030000 /* MemojiView */ = {
			isa = XCSwiftPackageProductDependency;
			package = A0020000A0020000A0020000 /* XCRemoteSwiftPackageReference "MemojiView" */;
			productName = MemojiView;
		};
/* End XCSwiftPackageProductDependency section */
	};
	rootObject = 2DDCE1162FA8974700A42F60 /* Project object */;
}
